// !$*UTF8*$!
{
	archiveVersion = 1;
	classes = {
	};
	objectVersion = 56;
	objects = {

/* Begin PBXBuildFile section */
		1BC532A295B86DACD960F3DC /* Pods_YesNo.framework in Frameworks */ = {isa = PBXBuildFile; fileRef = 6B2AA2450700DFAB627E709A /* Pods_YesNo.framework */; };
		FB2A7DD429B38A9D00118C92 /* ApiMethod.swift in Sources */ = {isa = PBXBuildFile; fileRef = FB2A7DD329B38A9D00118C92 /* ApiMethod.swift */; };
		FB8CD49C29B3356D00EDD0E3 /* pfau.gif in Resources */ = {isa = PBXBuildFile; fileRef = FB8CD49B29B3356D00EDD0E3 /* pfau.gif */; };
		FB8CD4A129B345EC00EDD0E3 /* NetWorkManager.swift in Sources */ = {isa = PBXBuildFile; fileRef = FB8CD4A029B345EC00EDD0E3 /* NetWorkManager.swift */; };
		FB8CD4A429B34AB400EDD0E3 /* YesNo.swift in Sources */ = {isa = PBXBuildFile; fileRef = FB8CD4A329B34AB400EDD0E3 /* YesNo.swift */; };
		FB8CD4A929B3538A00EDD0E3 /* QuestionVC.swift in Sources */ = {isa = PBXBuildFile; fileRef = FB8CD4A829B3538A00EDD0E3 /* QuestionVC.swift */; };
		FB8CD4AB29B3539E00EDD0E3 /* QuestionVCView.swift in Sources */ = {isa = PBXBuildFile; fileRef = FB8CD4AA29B3539E00EDD0E3 /* QuestionVCView.swift */; };
		FBA39CCE29B2803D0035AEA0 /* AppDelegate.swift in Sources */ = {isa = PBXBuildFile; fileRef = FBA39CCD29B2803D0035AEA0 /* AppDelegate.swift */; };
		FBA39CD029B2803D0035AEA0 /* SceneDelegate.swift in Sources */ = {isa = PBXBuildFile; fileRef = FBA39CCF29B2803D0035AEA0 /* SceneDelegate.swift */; };
		FBA39CD229B2803D0035AEA0 /* MainVC.swift in Sources */ = {isa = PBXBuildFile; fileRef = FBA39CD129B2803D0035AEA0 /* MainVC.swift */; };
		FBA39CD729B2803E0035AEA0 /* Assets.xcassets in Resources */ = {isa = PBXBuildFile; fileRef = FBA39CD629B2803E0035AEA0 /* Assets.xcassets */; };
		FBA39CDA29B2803E0035AEA0 /* LaunchScreen.storyboard in Resources */ = {isa = PBXBuildFile; fileRef = FBA39CD829B2803E0035AEA0 /* LaunchScreen.storyboard */; };
		FBA39CE929B280740035AEA0 /* ButtonExtension.swift in Sources */ = {isa = PBXBuildFile; fileRef = FBA39CE129B280730035AEA0 /* ButtonExtension.swift */; };
		FBA39CEA29B280740035AEA0 /* Helper.swift in Sources */ = {isa = PBXBuildFile; fileRef = FBA39CE229B280730035AEA0 /* Helper.swift */; };
		FBA39CEB29B280740035AEA0 /* LabelExtension.swift in Sources */ = {isa = PBXBuildFile; fileRef = FBA39CE329B280730035AEA0 /* LabelExtension.swift */; };
		FBA39CEC29B280740035AEA0 /* StackViewExtension.swift in Sources */ = {isa = PBXBuildFile; fileRef = FBA39CE429B280730035AEA0 /* StackViewExtension.swift */; };
		FBA39CED29B280740035AEA0 /* ODFonts.swift in Sources */ = {isa = PBXBuildFile; fileRef = FBA39CE529B280730035AEA0 /* ODFonts.swift */; };
		FBA39CEE29B280740035AEA0 /* TextFieldExtension.swift in Sources */ = {isa = PBXBuildFile; fileRef = FBA39CE629B280740035AEA0 /* TextFieldExtension.swift */; };
		FBA39CEF29B280740035AEA0 /* ODColors.swift in Sources */ = {isa = PBXBuildFile; fileRef = FBA39CE729B280740035AEA0 /* ODColors.swift */; };
		FBA39CF029B280740035AEA0 /* ViewSettings.swift in Sources */ = {isa = PBXBuildFile; fileRef = FBA39CE829B280740035AEA0 /* ViewSettings.swift */; };
		FBA39CF529B281B10035AEA0 /* MainVCView.swift in Sources */ = {isa = PBXBuildFile; fileRef = FBA39CF429B281B10035AEA0 /* MainVCView.swift */; };
/* End PBXBuildFile section */

/* Begin PBXFileReference section */
		198569FF1F6A93CC3F6E4ACF /* Pods-YesNo.debug.xcconfig */ = {isa = PBXFileReference; includeInIndex = 1; lastKnownFileType = text.xcconfig; name = "Pods-YesNo.debug.xcconfig"; path = "Target Support Files/Pods-YesNo/Pods-YesNo.debug.xcconfig"; sourceTree = "<group>"; };
		24C09BCE92E17EB97FAD1672 /* Pods-YesNo.release.xcconfig */ = {isa = PBXFileReference; includeInIndex = 1; lastKnownFileType = text.xcconfig; name = "Pods-YesNo.release.xcconfig"; path = "Target Support Files/Pods-YesNo/Pods-YesNo.release.xcconfig"; sourceTree = "<group>"; };
		6B2AA2450700DFAB627E709A /* Pods_YesNo.framework */ = {isa = PBXFileReference; explicitFileType = wrapper.framework; includeInIndex = 0; path = Pods_YesNo.framework; sourceTree = BUILT_PRODUCTS_DIR; };
		FB2A7DD329B38A9D00118C92 /* ApiMethod.swift */ = {isa = PBXFileReference; lastKnownFileType = sourcecode.swift; path = ApiMethod.swift; sourceTree = "<group>"; };
		FB8CD49B29B3356D00EDD0E3 /* pfau.gif */ = {isa = PBXFileReference; lastKnownFileType = image.gif; path = pfau.gif; sourceTree = "<group>"; };
		FB8CD4A029B345EC00EDD0E3 /* NetWorkManager.swift */ = {isa = PBXFileReference; lastKnownFileType = sourcecode.swift; path = NetWorkManager.swift; sourceTree = "<group>"; };
		FB8CD4A329B34AB400EDD0E3 /* YesNo.swift */ = {isa = PBXFileReference; lastKnownFileType = sourcecode.swift; path = YesNo.swift; sourceTree = "<group>"; };
		FB8CD4A829B3538A00EDD0E3 /* QuestionVC.swift */ = {isa = PBXFileReference; lastKnownFileType = sourcecode.swift; path = QuestionVC.swift; sourceTree = "<group>"; };
		FB8CD4AA29B3539E00EDD0E3 /* QuestionVCView.swift */ = {isa = PBXFileReference; lastKnownFileType = sourcecode.swift; path = QuestionVCView.swift; sourceTree = "<group>"; };
		FBA39CCA29B2803D0035AEA0 /* YesNo.app */ = {isa = PBXFileReference; explicitFileType = wrapper.application; includeInIndex = 0; path = YesNo.app; sourceTree = BUILT_PRODUCTS_DIR; };
		FBA39CCD29B2803D0035AEA0 /* AppDelegate.swift */ = {isa = PBXFileReference; lastKnownFileType = sourcecode.swift; path = AppDelegate.swift; sourceTree = "<group>"; };
		FBA39CCF29B2803D0035AEA0 /* SceneDelegate.swift */ = {isa = PBXFileReference; lastKnownFileType = sourcecode.swift; path = SceneDelegate.swift; sourceTree = "<group>"; };
		FBA39CD129B2803D0035AEA0 /* MainVC.swift */ = {isa = PBXFileReference; lastKnownFileType = sourcecode.swift; path = MainVC.swift; sourceTree = "<group>"; };
		FBA39CD629B2803E0035AEA0 /* Assets.xcassets */ = {isa = PBXFileReference; lastKnownFileType = folder.assetcatalog; path = Assets.xcassets; sourceTree = "<group>"; };
		FBA39CD929B2803E0035AEA0 /* Base */ = {isa = PBXFileReference; lastKnownFileType = file.storyboard; name = Base; path = Base.lproj/LaunchScreen.storyboard; sourceTree = "<group>"; };
		FBA39CDB29B2803E0035AEA0 /* Info.plist */ = {isa = PBXFileReference; lastKnownFileType = text.plist.xml; path = Info.plist; sourceTree = "<group>"; };
		FBA39CE129B280730035AEA0 /* ButtonExtension.swift */ = {isa = PBXFileReference; fileEncoding = 4; lastKnownFileType = sourcecode.swift; path = ButtonExtension.swift; sourceTree = "<group>"; };
		FBA39CE229B280730035AEA0 /* Helper.swift */ = {isa = PBXFileReference; fileEncoding = 4; lastKnownFileType = sourcecode.swift; path = Helper.swift; sourceTree = "<group>"; };
		FBA39CE329B280730035AEA0 /* LabelExtension.swift */ = {isa = PBXFileReference; fileEncoding = 4; lastKnownFileType = sourcecode.swift; path = LabelExtension.swift; sourceTree = "<group>"; };
		FBA39CE429B280730035AEA0 /* StackViewExtension.swift */ = {isa = PBXFileReference; fileEncoding = 4; lastKnownFileType = sourcecode.swift; path = StackViewExtension.swift; sourceTree = "<group>"; };
		FBA39CE529B280730035AEA0 /* ODFonts.swift */ = {isa = PBXFileReference; fileEncoding = 4; lastKnownFileType = sourcecode.swift; path = ODFonts.swift; sourceTree = "<group>"; };
		FBA39CE629B280740035AEA0 /* TextFieldExtension.swift */ = {isa = PBXFileReference; fileEncoding = 4; lastKnownFileType = sourcecode.swift; path = TextFieldExtension.swift; sourceTree = "<group>"; };
		FBA39CE729B280740035AEA0 /* ODColors.swift */ = {isa = PBXFileReference; fileEncoding = 4; lastKnownFileType = sourcecode.swift; path = ODColors.swift; sourceTree = "<group>"; };
		FBA39CE829B280740035AEA0 /* ViewSettings.swift */ = {isa = PBXFileReference; fileEncoding = 4; lastKnownFileType = sourcecode.swift; path = ViewSettings.swift; sourceTree = "<group>"; };
		FBA39CF429B281B10035AEA0 /* MainVCView.swift */ = {isa = PBXFileReference; lastKnownFileType = sourcecode.swift; path = MainVCView.swift; sourceTree = "<group>"; };
/* End PBXFileReference section */

/* Begin PBXFrameworksBuildPhase section */
		FBA39CC729B2803D0035AEA0 /* Frameworks */ = {
			isa = PBXFrameworksBuildPhase;
			buildActionMask = 2147483647;
			files = (
				1BC532A295B86DACD960F3DC /* Pods_YesNo.framework in Frameworks */,
			);
			runOnlyForDeploymentPostprocessing = 0;
		};
/* End PBXFrameworksBuildPhase section */

/* Begin PBXGroup section */
		BBE11ABE8BA8FCD962AC7DD6 /* Pods */ = {
			isa = PBXGroup;
			children = (
				198569FF1F6A93CC3F6E4ACF /* Pods-YesNo.debug.xcconfig */,
				24C09BCE92E17EB97FAD1672 /* Pods-YesNo.release.xcconfig */,
			);
			path = Pods;
			sourceTree = "<group>";
		};
		C0514ECA709FF3DB9E648DA3 /* Frameworks */ = {
			isa = PBXGroup;
			children = (
				6B2AA2450700DFAB627E709A /* Pods_YesNo.framework */,
			);
			name = Frameworks;
			sourceTree = "<group>";
		};
		FB8CD4A229B345EF00EDD0E3 /* NetWorkService */ = {
			isa = PBXGroup;
			children = (
				FB8CD4A029B345EC00EDD0E3 /* NetWorkManager.swift */,
				FB2A7DD329B38A9D00118C92 /* ApiMethod.swift */,
			);
			path = NetWorkService;
			sourceTree = "<group>";
		};
		FB8CD4A529B34AB800EDD0E3 /* Model */ = {
			isa = PBXGroup;
			children = (
				FB8CD4A329B34AB400EDD0E3 /* YesNo.swift */,
			);
			path = Model;
			sourceTree = "<group>";
		};
		FBA39CC129B2803D0035AEA0 = {
			isa = PBXGroup;
			children = (
				FBA39CCC29B2803D0035AEA0 /* YesNo */,
				FBA39CCB29B2803D0035AEA0 /* Products */,
				BBE11ABE8BA8FCD962AC7DD6 /* Pods */,
				C0514ECA709FF3DB9E648DA3 /* Frameworks */,
			);
			sourceTree = "<group>";
		};
		FBA39CCB29B2803D0035AEA0 /* Products */ = {
			isa = PBXGroup;
			children = (
				FBA39CCA29B2803D0035AEA0 /* YesNo.app */,
			);
			name = Products;
			sourceTree = "<group>";
		};
		FBA39CCC29B2803D0035AEA0 /* YesNo */ = {
			isa = PBXGroup;
			children = (
				FB8CD4A529B34AB800EDD0E3 /* Model */,
				FB8CD4A229B345EF00EDD0E3 /* NetWorkService */,
				FBA39CF129B2807B0035AEA0 /* EasyWay */,
				FBA39CF229B2808C0035AEA0 /* Scene */,
				FBA39CF329B280930035AEA0 /* VC */,
				FBA39CD629B2803E0035AEA0 /* Assets.xcassets */,
				FBA39CD829B2803E0035AEA0 /* LaunchScreen.storyboard */,
				FBA39CDB29B2803E0035AEA0 /* Info.plist */,
			);
			path = YesNo;
			sourceTree = "<group>";
		};
		FBA39CF129B2807B0035AEA0 /* EasyWay */ = {
			isa = PBXGroup;
			children = (
				FBA39CE129B280730035AEA0 /* ButtonExtension.swift */,
				FBA39CE229B280730035AEA0 /* Helper.swift */,
				FBA39CE329B280730035AEA0 /* LabelExtension.swift */,
				FBA39CE729B280740035AEA0 /* ODColors.swift */,
				FBA39CE529B280730035AEA0 /* ODFonts.swift */,
				FBA39CE429B280730035AEA0 /* StackViewExtension.swift */,
				FBA39CE629B280740035AEA0 /* TextFieldExtension.swift */,
				FBA39CE829B280740035AEA0 /* ViewSettings.swift */,
			);
			path = EasyWay;
			sourceTree = "<group>";
		};
		FBA39CF229B2808C0035AEA0 /* Scene */ = {
			isa = PBXGroup;
			children = (
				FBA39CCD29B2803D0035AEA0 /* AppDelegate.swift */,
				FBA39CCF29B2803D0035AEA0 /* SceneDelegate.swift */,
			);
			path = Scene;
			sourceTree = "<group>";
		};
		FBA39CF329B280930035AEA0 /* VC */ = {
			isa = PBXGroup;
			children = (
				FBA39CD129B2803D0035AEA0 /* MainVC.swift */,
				FBA39CF429B281B10035AEA0 /* MainVCView.swift */,
				FB8CD4A829B3538A00EDD0E3 /* QuestionVC.swift */,
				FB8CD4AA29B3539E00EDD0E3 /* QuestionVCView.swift */,
				FB8CD49B29B3356D00EDD0E3 /* pfau.gif */,
			);
			path = VC;
			sourceTree = "<group>";
		};
/* End PBXGroup section */

/* Begin PBXNativeTarget section */
		FBA39CC929B2803D0035AEA0 /* YesNo */ = {
			isa = PBXNativeTarget;
			buildConfigurationList = FBA39CDE29B2803E0035AEA0 /* Build configuration list for PBXNativeTarget "YesNo" */;
			buildPhases = (
				C1DAB3526AE81DE9676BCEC8 /* [CP] Check Pods Manifest.lock */,
				FBA39CC629B2803D0035AEA0 /* Sources */,
				FBA39CC729B2803D0035AEA0 /* Frameworks */,
				FBA39CC829B2803D0035AEA0 /* Resources */,
				9BA27CF3FD4086CF80DE3F6D /* [CP] Embed Pods Frameworks */,
			);
			buildRules = (
			);
			dependencies = (
			);
			name = YesNo;
			productName = YesNo;
			productReference = FBA39CCA29B2803D0035AEA0 /* YesNo.app */;
			productType = "com.apple.product-type.application";
		};
/* End PBXNativeTarget section */

/* Begin PBXProject section */
		FBA39CC229B2803D0035AEA0 /* Project object */ = {
			isa = PBXProject;
			attributes = {
				BuildIndependentTargetsInParallel = 1;
				LastSwiftUpdateCheck = 1420;
				LastUpgradeCheck = 1420;
				TargetAttributes = {
					FBA39CC929B2803D0035AEA0 = {
						CreatedOnToolsVersion = 14.2;
					};
				};
			};
			buildConfigurationList = FBA39CC529B2803D0035AEA0 /* Build configuration list for PBXProject "YesNo" */;
			compatibilityVersion = "Xcode 14.0";
			developmentRegion = en;
			hasScannedForEncodings = 0;
			knownRegions = (
				en,
				Base,
			);
			mainGroup = FBA39CC129B2803D0035AEA0;
			productRefGroup = FBA39CCB29B2803D0035AEA0 /* Products */;
			projectDirPath = "";
			projectRoot = "";
			targets = (
				FBA39CC929B2803D0035AEA0 /* YesNo */,
			);
		};
/* End PBXProject section */

/* Begin PBXResourcesBuildPhase section */
		FBA39CC829B2803D0035AEA0 /* Resources */ = {
			isa = PBXResourcesBuildPhase;
			buildActionMask = 2147483647;
			files = (
				FBA39CDA29B2803E0035AEA0 /* LaunchScreen.storyboard in Resources */,
				FB8CD49C29B3356D00EDD0E3 /* pfau.gif in Resources */,
				FBA39CD729B2803E0035AEA0 /* Assets.xcassets in Resources */,
			);
			runOnlyForDeploymentPostprocessing = 0;
		};
/* End PBXResourcesBuildPhase section */

/* Begin PBXShellScriptBuildPhase section */
		9BA27CF3FD4086CF80DE3F6D /* [CP] Embed Pods Frameworks */ = {
			isa = PBXShellScriptBuildPhase;
			buildActionMask = 2147483647;
			files = (
			);
			inputFileListPaths = (
				"${PODS_ROOT}/Target Support Files/Pods-YesNo/Pods-YesNo-frameworks-${CONFIGURATION}-input-files.xcfilelist",
			);
			name = "[CP] Embed Pods Frameworks";
			outputFileListPaths = (
				"${PODS_ROOT}/Target Support Files/Pods-YesNo/Pods-YesNo-frameworks-${CONFIGURATION}-output-files.xcfilelist",
			);
			runOnlyForDeploymentPostprocessing = 0;
			shellPath = /bin/sh;
			shellScript = "\"${PODS_ROOT}/Target Support Files/Pods-YesNo/Pods-YesNo-frameworks.sh\"\n";
			showEnvVarsInLog = 0;
		};
		C1DAB3526AE81DE9676BCEC8 /* [CP] Check Pods Manifest.lock */ = {
			isa = PBXShellScriptBuildPhase;
			buildActionMask = 2147483647;
			files = (
			);
			inputFileListPaths = (
			);
			inputPaths = (
				"${PODS_PODFILE_DIR_PATH}/Podfile.lock",
				"${PODS_ROOT}/Manifest.lock",
			);
			name = "[CP] Check Pods Manifest.lock";
			outputFileListPaths = (
			);
			outputPaths = (
				"$(DERIVED_FILE_DIR)/Pods-YesNo-checkManifestLockResult.txt",
			);
			runOnlyForDeploymentPostprocessing = 0;
			shellPath = /bin/sh;
			shellScript = "diff \"${PODS_PODFILE_DIR_PATH}/Podfile.lock\" \"${PODS_ROOT}/Manifest.lock\" > /dev/null\nif [ $? != 0 ] ; then\n    # print error to STDERR\n    echo \"error: The sandbox is not in sync with the Podfile.lock. Run 'pod install' or update your CocoaPods installation.\" >&2\n    exit 1\nfi\n# This output is used by Xcode 'outputs' to avoid re-running this script phase.\necho \"SUCCESS\" > \"${SCRIPT_OUTPUT_FILE_0}\"\n";
			showEnvVarsInLog = 0;
		};
/* End PBXShellScriptBuildPhase section */

/* Begin PBXSourcesBuildPhase section */
		FBA39CC629B2803D0035AEA0 /* Sources */ = {
			isa = PBXSourcesBuildPhase;
			buildActionMask = 2147483647;
			files = (
				FBA39CF529B281B10035AEA0 /* MainVCView.swift in Sources */,
				FBA39CEE29B280740035AEA0 /* TextFieldExtension.swift in Sources */,
				FBA39CEB29B280740035AEA0 /* LabelExtension.swift in Sources */,
				FBA39CF029B280740035AEA0 /* ViewSettings.swift in Sources */,
				FB8CD4A429B34AB400EDD0E3 /* YesNo.swift in Sources */,
				FBA39CD229B2803D0035AEA0 /* MainVC.swift in Sources */,
				FBA39CE929B280740035AEA0 /* ButtonExtension.swift in Sources */,
				FBA39CEA29B280740035AEA0 /* Helper.swift in Sources */,
				FBA39CCE29B2803D0035AEA0 /* AppDelegate.swift in Sources */,
				FBA39CED29B280740035AEA0 /* ODFonts.swift in Sources */,
				FBA39CEC29B280740035AEA0 /* StackViewExtension.swift in Sources */,
				FB8CD4AB29B3539E00EDD0E3 /* QuestionVCView.swift in Sources */,
				FBA39CEF29B280740035AEA0 /* ODColors.swift in Sources */,
				FB8CD4A129B345EC00EDD0E3 /* NetWorkManager.swift in Sources */,
				FB8CD4A929B3538A00EDD0E3 /* QuestionVC.swift in Sources */,
				FBA39CD029B2803D0035AEA0 /* SceneDelegate.swift in Sources */,
				FB2A7DD429B38A9D00118C92 /* ApiMethod.swift in Sources */,
			);
			runOnlyForDeploymentPostprocessing = 0;
		};
/* End PBXSourcesBuildPhase section */

/* Begin PBXVariantGroup section */
		FBA39CD829B2803E0035AEA0 /* LaunchScreen.storyboard */ = {
			isa = PBXVariantGroup;
			children = (
				FBA39CD929B2803E0035AEA0 /* Base */,
			);
			name = LaunchScreen.storyboard;
			sourceTree = "<group>";
		};
/* End PBXVariantGroup section */

/* Begin XCBuildConfiguration section */
		FBA39CDC29B2803E0035AEA0 /* Debug */ = {
			isa = XCBuildConfiguration;
			buildSettings = {
				ALWAYS_SEARCH_USER_PATHS = NO;
				CLANG_ANALYZER_NONNULL = YES;
				CLANG_ANALYZER_NUMBER_OBJECT_CONVERSION = YES_AGGRESSIVE;
				CLANG_CXX_LANGUAGE_STANDARD = "gnu++20";
				CLANG_ENABLE_MODULES = YES;
				CLANG_ENABLE_OBJC_ARC = YES;
				CLANG_ENABLE_OBJC_WEAK = YES;
				CLANG_WARN_BLOCK_CAPTURE_AUTORELEASING = YES;
				CLANG_WARN_BOOL_CONVERSION = YES;
				CLANG_WARN_COMMA = YES;
				CLANG_WARN_CONSTANT_CONVERSION = YES;
				CLANG_WARN_DEPRECATED_OBJC_IMPLEMENTATIONS = YES;
				CLANG_WARN_DIRECT_OBJC_ISA_USAGE = YES_ERROR;
				CLANG_WARN_DOCUMENTATION_COMMENTS = YES;
				CLANG_WARN_EMPTY_BODY = YES;
				CLANG_WARN_ENUM_CONVERSION = YES;
				CLANG_WARN_INFINITE_RECURSION = YES;
				CLANG_WARN_INT_CONVERSION = YES;
				CLANG_WARN_NON_LITERAL_NULL_CONVERSION = YES;
				CLANG_WARN_OBJC_IMPLICIT_RETAIN_SELF = YES;
				CLANG_WARN_OBJC_LITERAL_CONVERSION = YES;
				CLANG_WARN_OBJC_ROOT_CLASS = YES_ERROR;
				CLANG_WARN_QUOTED_INCLUDE_IN_FRAMEWORK_HEADER = YES;
				CLANG_WARN_RANGE_LOOP_ANALYSIS = YES;
				CLANG_WARN_STRICT_PROTOTYPES = YES;
				CLANG_WARN_SUSPICIOUS_MOVE = YES;
				CLANG_WARN_UNGUARDED_AVAILABILITY = YES_AGGRESSIVE;
				CLANG_WARN_UNREACHABLE_CODE = YES;
				CLANG_WARN__DUPLICATE_METHOD_MATCH = YES;
				COPY_PHASE_STRIP = NO;
				DEBUG_INFORMATION_FORMAT = dwarf;
				ENABLE_STRICT_OBJC_MSGSEND = YES;
				ENABLE_TESTABILITY = YES;
				GCC_C_LANGUAGE_STANDARD = gnu11;
				GCC_DYNAMIC_NO_PIC = NO;
				GCC_NO_COMMON_BLOCKS = YES;
				GCC_OPTIMIZATION_LEVEL = 0;
				GCC_PREPROCESSOR_DEFINITIONS = (
					"DEBUG=1",
					"$(inherited)",
				);
				GCC_WARN_64_TO_32_BIT_CONVERSION = YES;
				GCC_WARN_ABOUT_RETURN_TYPE = YES_ERROR;
				GCC_WARN_UNDECLARED_SELECTOR = YES;
				GCC_WARN_UNINITIALIZED_AUTOS = YES_AGGRESSIVE;
				GCC_WARN_UNUSED_FUNCTION = YES;
				GCC_WARN_UNUSED_VARIABLE = YES;
				IPHONEOS_DEPLOYMENT_TARGET = 16.2;
				MTL_ENABLE_DEBUG_INFO = INCLUDE_SOURCE;
				MTL_FAST_MATH = YES;
				ONLY_ACTIVE_ARCH = YES;
				SDKROOT = iphoneos;
				SWIFT_ACTIVE_COMPILATION_CONDITIONS = DEBUG;
				SWIFT_OPTIMIZATION_LEVEL = "-Onone";
			};
			name = Debug;
		};
		FBA39CDD29B2803E0035AEA0 /* Release */ = {
			isa = XCBuildConfiguration;
			buildSettings = {
				ALWAYS_SEARCH_USER_PATHS = NO;
				CLANG_ANALYZER_NONNULL = YES;
				CLANG_ANALYZER_NUMBER_OBJECT_CONVERSION = YES_AGGRESSIVE;
				CLANG_CXX_LANGUAGE_STANDARD = "gnu++20";
				CLANG_ENABLE_MODULES = YES;
				CLANG_ENABLE_OBJC_ARC = YES;
				CLANG_ENABLE_OBJC_WEAK = YES;
				CLANG_WARN_BLOCK_CAPTURE_AUTORELEASING = YES;
				CLANG_WARN_BOOL_CONVERSION = YES;
				CLANG_WARN_COMMA = YES;
				CLANG_WARN_CONSTANT_CONVERSION = YES;
				CLANG_WARN_DEPRECATED_OBJC_IMPLEMENTATIONS = YES;
				CLANG_WARN_DIRECT_OBJC_ISA_USAGE = YES_ERROR;
				CLANG_WARN_DOCUMENTATION_COMMENTS = YES;
				CLANG_WARN_EMPTY_BODY = YES;
				CLANG_WARN_ENUM_CONVERSION = YES;
				CLANG_WARN_INFINITE_RECURSION = YES;
				CLANG_WARN_INT_CONVERSION = YES;
				CLANG_WARN_NON_LITERAL_NULL_CONVERSION = YES;
				CLANG_WARN_OBJC_IMPLICIT_RETAIN_SELF = YES;
				CLANG_WARN_OBJC_LITERAL_CONVERSION = YES;
				CLANG_WARN_OBJC_ROOT_CLASS = YES_ERROR;
				CLANG_WARN_QUOTED_INCLUDE_IN_FRAMEWORK_HEADER = YES;
				CLANG_WARN_RANGE_LOOP_ANALYSIS = YES;
				CLANG_WARN_STRICT_PROTOTYPES = YES;
				CLANG_WARN_SUSPICIOUS_MOVE = YES;
				CLANG_WARN_UNGUARDED_AVAILABILITY = YES_AGGRESSIVE;
				CLANG_WARN_UNREACHABLE_CODE = YES;
				CLANG_WARN__DUPLICATE_METHOD_MATCH = YES;
				COPY_PHASE_STRIP = NO;
				DEBUG_INFORMATION_FORMAT = "dwarf-with-dsym";
				ENABLE_NS_ASSERTIONS = NO;
				ENABLE_STRICT_OBJC_MSGSEND = YES;
				GCC_C_LANGUAGE_STANDARD = gnu11;
				GCC_NO_COMMON_BLOCKS = YES;
				GCC_WARN_64_TO_32_BIT_CONVERSION = YES;
				GCC_WARN_ABOUT_RETURN_TYPE = YES_ERROR;
				GCC_WARN_UNDECLARED_SELECTOR = YES;
				GCC_WARN_UNINITIALIZED_AUTOS = YES_AGGRESSIVE;
				GCC_WARN_UNUSED_FUNCTION = YES;
				GCC_WARN_UNUSED_VARIABLE = YES;
				IPHONEOS_DEPLOYMENT_TARGET = 16.2;
				MTL_ENABLE_DEBUG_INFO = NO;
				MTL_FAST_MATH = YES;
				SDKROOT = iphoneos;
				SWIFT_COMPILATION_MODE = wholemodule;
				SWIFT_OPTIMIZATION_LEVEL = "-O";
				VALIDATE_PRODUCT = YES;
			};
			name = Release;
		};
		FBA39CDF29B2803E0035AEA0 /* Debug */ = {
			isa = XCBuildConfiguration;
			baseConfigurationReference = 198569FF1F6A93CC3F6E4ACF /* Pods-YesNo.debug.xcconfig */;
			buildSettings = {
				ASSETCATALOG_COMPILER_APPICON_NAME = AppIcon;
				ASSETCATALOG_COMPILER_GLOBAL_ACCENT_COLOR_NAME = AccentColor;
				CODE_SIGN_STYLE = Automatic;
				CURRENT_PROJECT_VERSION = 1;
				DEVELOPMENT_TEAM = 5JSNU535FQ;
				GENERATE_INFOPLIST_FILE = YES;
				INFOPLIST_FILE = YesNo/Info.plist;
				INFOPLIST_KEY_UIApplicationSupportsIndirectInputEvents = YES;
				INFOPLIST_KEY_UILaunchStoryboardName = LaunchScreen;
				INFOPLIST_KEY_UISupportedInterfaceOrientations_iPad = "UIInterfaceOrientationPortrait UIInterfaceOrientationPortraitUpsideDown UIInterfaceOrientationLandscapeLeft UIInterfaceOrientationLandscapeRight";
				INFOPLIST_KEY_UISupportedInterfaceOrientations_iPhone = "UIInterfaceOrientationPortrait UIInterfaceOrientationLandscapeLeft UIInterfaceOrientationLandscapeRight";
				LD_RUNPATH_SEARCH_PATHS = (
					"$(inherited)",
					"@executable_path/Frameworks",
				);
				MARKETING_VERSION = 1.0;
				PRODUCT_BUNDLE_IDENTIFIER = Ottos.YesNo;
				PRODUCT_NAME = "$(TARGET_NAME)";
				SWIFT_EMIT_LOC_STRINGS = YES;
				SWIFT_VERSION = 5.0;
				TARGETED_DEVICE_FAMILY = "1,2";
			};
			name = Debug;
		};
		FBA39CE029B2803E0035AEA0 /* Release */ = {
			isa = XCBuildConfiguration;
			baseConfigurationReference = 24C09BCE92E17EB97FAD1672 /* Pods-YesNo.release.xcconfig */;
			buildSettings = {
				ASSETCATALOG_COMPILER_APPICON_NAME = AppIcon;
				ASSETCATALOG_COMPILER_GLOBAL_ACCENT_COLOR_NAME = AccentColor;
				CODE_SIGN_STYLE = Automatic;
				CURRENT_PROJECT_VERSION = 1;
				DEVELOPMENT_TEAM = 5JSNU535FQ;
				GENERATE_INFOPLIST_FILE = YES;
				INFOPLIST_FILE = YesNo/Info.plist;
				INFOPLIST_KEY_UIApplicationSupportsIndirectInputEvents = YES;
				INFOPLIST_KEY_UILaunchStoryboardName = LaunchScreen;
				INFOPLIST_KEY_UISupportedInterfaceOrientations_iPad = "UIInterfaceOrientationPortrait UIInterfaceOrientationPortraitUpsideDown UIInterfaceOrientationLandscapeLeft UIInterfaceOrientationLandscapeRight";
				INFOPLIST_KEY_UISupportedInterfaceOrientations_iPhone = "UIInterfaceOrientationPortrait UIInterfaceOrientationLandscapeLeft UIInterfaceOrientationLandscapeRight";
				LD_RUNPATH_SEARCH_PATHS = (
					"$(inherited)",
					"@executable_path/Frameworks",
				);
				MARKETING_VERSION = 1.0;
				PRODUCT_BUNDLE_IDENTIFIER = Ottos.YesNo;
				PRODUCT_NAME = "$(TARGET_NAME)";
				SWIFT_EMIT_LOC_STRINGS = YES;
				SWIFT_VERSION = 5.0;
				TARGETED_DEVICE_FAMILY = "1,2";
			};
			name = Release;
		};
/* End XCBuildConfiguration section */

/* Begin XCConfigurationList section */
		FBA39CC529B2803D0035AEA0 /* Build configuration list for PBXProject "YesNo" */ = {
			isa = XCConfigurationList;
			buildConfigurations = (
				FBA39CDC29B2803E0035AEA0 /* Debug */,
				FBA39CDD29B2803E0035AEA0 /* Release */,
			);
			defaultConfigurationIsVisible = 0;
			defaultConfigurationName = Release;
		};
		FBA39CDE29B2803E0035AEA0 /* Build configuration list for PBXNativeTarget "YesNo" */ = {
			isa = XCConfigurationList;
			buildConfigurations = (
				FBA39CDF29B2803E0035AEA0 /* Debug */,
				FBA39CE029B2803E0035AEA0 /* Release */,
			);
			defaultConfigurationIsVisible = 0;
			defaultConfigurationName = Release;
		};
/* End XCConfigurationList section */
	};
	rootObject = FBA39CC229B2803D0035AEA0 /* Project object */;
}
